// !$*UTF8*$!
{
	archiveVersion = 1;
	classes = {
	};
	objectVersion = 56;
	objects = {

/* Begin PBXBuildFile section */
		464989A72C99FFD200549982 /* HelloDevOpsApp.swift in Sources */ = {isa = PBXBuildFile; fileRef = 464989A62C99FFD200549982 /* HelloDevOpsApp.swift */; };
		464989A92C99FFD200549982 /* ContentView.swift in Sources */ = {isa = PBXBuildFile; fileRef = 464989A82C99FFD200549982 /* ContentView.swift */; };
		464989AB2C99FFD500549982 /* Assets.xcassets in Resources */ = {isa = PBXBuildFile; fileRef = 464989AA2C99FFD500549982 /* Assets.xcassets */; };
		464989AF2C99FFD500549982 /* Preview Assets.xcassets in Resources */ = {isa = PBXBuildFile; fileRef = 464989AE2C99FFD500549982 /* Preview Assets.xcassets */; };
		464989B92C99FFD500549982 /* HelloDevOpsTests.swift in Sources */ = {isa = PBXBuildFile; fileRef = 464989B82C99FFD500549982 /* HelloDevOpsTests.swift */; };
		464989C32C99FFD500549982 /* HelloDevOpsUITests.swift in Sources */ = {isa = PBXBuildFile; fileRef = 464989C22C99FFD500549982 /* HelloDevOpsUITests.swift */; };
		464989C52C99FFD500549982 /* HelloDevOpsUITestsLaunchTests.swift in Sources */ = {isa = PBXBuildFile; fileRef = 464989C42C99FFD500549982 /* HelloDevOpsUITestsLaunchTests.swift */; };
/* End PBXBuildFile section */

/* Begin PBXContainerItemProxy section */
		464989B52C99FFD500549982 /* PBXContainerItemProxy */ = {
			isa = PBXContainerItemProxy;
			containerPortal = 4649899B2C99FFD200549982 /* Project object */;
			proxyType = 1;
			remoteGlobalIDString = 464989A22C99FFD200549982;
			remoteInfo = HelloDevOps;
		};
		464989BF2C99FFD500549982 /* PBXContainerItemProxy */ = {
			isa = PBXContainerItemProxy;
			containerPortal = 4649899B2C99FFD200549982 /* Project object */;
			proxyType = 1;
			remoteGlobalIDString = 464989A22C99FFD200549982;
			remoteInfo = HelloDevOps;
		};
/* End PBXContainerItemProxy section */

/* Begin PBXFileReference section */
		464989A32C99FFD200549982 /* HelloDevOps.app */ = {isa = PBXFileReference; explicitFileType = wrapper.application; includeInIndex = 0; path = HelloDevOps.app; sourceTree = BUILT_PRODUCTS_DIR; };
		464989A62C99FFD200549982 /* HelloDevOpsApp.swift */ = {isa = PBXFileReference; lastKnownFileType = sourcecode.swift; path = HelloDevOpsApp.swift; sourceTree = "<group>"; };
		464989A82C99FFD200549982 /* ContentView.swift */ = {isa = PBXFileReference; lastKnownFileType = sourcecode.swift; path = ContentView.swift; sourceTree = "<group>"; };
		464989AA2C99FFD500549982 /* Assets.xcassets */ = {isa = PBXFileReference; lastKnownFileType = folder.assetcatalog; path = Assets.xcassets; sourceTree = "<group>"; };
		464989AC2C99FFD500549982 /* HelloDevOps.entitlements */ = {isa = PBXFileReference; lastKnownFileType = text.plist.entitlements; path = HelloDevOps.entitlements; sourceTree = "<group>"; };
		464989AE2C99FFD500549982 /* Preview Assets.xcassets */ = {isa = PBXFileReference; lastKnownFileType = folder.assetcatalog; path = "Preview Assets.xcassets"; sourceTree = "<group>"; };
		464989B42C99FFD500549982 /* HelloDevOpsTests.xctest */ = {isa = PBXFileReference; explicitFileType = wrapper.cfbundle; includeInIndex = 0; path = HelloDevOpsTests.xctest; sourceTree = BUILT_PRODUCTS_DIR; };
		464989B82C99FFD500549982 /* HelloDevOpsTests.swift */ = {isa = PBXFileReference; lastKnownFileType = sourcecode.swift; path = HelloDevOpsTests.swift; sourceTree = "<group>"; };
		464989BE2C99FFD500549982 /* HelloDevOpsUITests.xctest */ = {isa = PBXFileReference; explicitFileType = wrapper.cfbundle; includeInIndex = 0; path = HelloDevOpsUITests.xctest; sourceTree = BUILT_PRODUCTS_DIR; };
		464989C22C99FFD500549982 /* HelloDevOpsUITests.swift */ = {isa = PBXFileReference; lastKnownFileType = sourcecode.swift; path = HelloDevOpsUITests.swift; sourceTree = "<group>"; };
		464989C42C99FFD500549982 /* HelloDevOpsUITestsLaunchTests.swift */ = {isa = PBXFileReference; lastKnownFileType = sourcecode.swift; path = HelloDevOpsUITestsLaunchTests.swift; sourceTree = "<group>"; };
/* End PBXFileReference section */

/* Begin PBXFrameworksBuildPhase section */
		464989A02C99FFD200549982 /* Frameworks */ = {
			isa = PBXFrameworksBuildPhase;
			buildActionMask = 2147483647;
			files = (
			);
			runOnlyForDeploymentPostprocessing = 0;
		};
		464989B12C99FFD500549982 /* Frameworks */ = {
			isa = PBXFrameworksBuildPhase;
			buildActionMask = 2147483647;
			files = (
			);
			runOnlyForDeploymentPostprocessing = 0;
		};
		464989BB2C99FFD500549982 /* Frameworks */ = {
			isa = PBXFrameworksBuildPhase;
			buildActionMask = 2147483647;
			files = (
			);
			runOnlyForDeploymentPostprocessing = 0;
		};
/* End PBXFrameworksBuildPhase section */

/* Begin PBXGroup section */
		4649899A2C99FFD200549982 = {
			isa = PBXGroup;
			children = (
				464989A52C99FFD200549982 /* HelloDevOps */,
				464989B72C99FFD500549982 /* HelloDevOpsTests */,
				464989C12C99FFD500549982 /* HelloDevOpsUITests */,
				464989A42C99FFD200549982 /* Products */,
			);
			sourceTree = "<group>";
		};
		464989A42C99FFD200549982 /* Products */ = {
			isa = PBXGroup;
			children = (
				464989A32C99FFD200549982 /* HelloDevOps.app */,
				464989B42C99FFD500549982 /* HelloDevOpsTests.xctest */,
				464989BE2C99FFD500549982 /* HelloDevOpsUITests.xctest */,
			);
			name = Products;
			sourceTree = "<group>";
		};
		464989A52C99FFD200549982 /* HelloDevOps */ = {
			isa = PBXGroup;
			children = (
				464989A62C99FFD200549982 /* HelloDevOpsApp.swift */,
				464989A82C99FFD200549982 /* ContentView.swift */,
				464989AA2C99FFD500549982 /* Assets.xcassets */,
				464989AC2C99FFD500549982 /* HelloDevOps.entitlements */,
				464989AD2C99FFD500549982 /* Preview Content */,
			);
			path = HelloDevOps;
			sourceTree = "<group>";
		};
		464989AD2C99FFD500549982 /* Preview Content */ = {
			isa = PBXGroup;
			children = (
				464989AE2C99FFD500549982 /* Preview Assets.xcassets */,
			);
			path = "Preview Content";
			sourceTree = "<group>";
		};
		464989B72C99FFD500549982 /* HelloDevOpsTests */ = {
			isa = PBXGroup;
			children = (
				464989B82C99FFD500549982 /* HelloDevOpsTests.swift */,
			);
			path = HelloDevOpsTests;
			sourceTree = "<group>";
		};
		464989C12C99FFD500549982 /* HelloDevOpsUITests */ = {
			isa = PBXGroup;
			children = (
				464989C22C99FFD500549982 /* HelloDevOpsUITests.swift */,
				464989C42C99FFD500549982 /* HelloDevOpsUITestsLaunchTests.swift */,
			);
			path = HelloDevOpsUITests;
			sourceTree = "<group>";
		};
/* End PBXGroup section */

/* Begin PBXNativeTarget section */
		464989A22C99FFD200549982 /* HelloDevOps */ = {
			isa = PBXNativeTarget;
			buildConfigurationList = 464989C82C99FFD500549982 /* Build configuration list for PBXNativeTarget "HelloDevOps" */;
			buildPhases = (
				4649899F2C99FFD200549982 /* Sources */,
				464989A02C99FFD200549982 /* Frameworks */,
				464989A12C99FFD200549982 /* Resources */,
			);
			buildRules = (
			);
			dependencies = (
			);
			name = HelloDevOps;
			productName = HelloDevOps;
			productReference = 464989A32C99FFD200549982 /* HelloDevOps.app */;
			productType = "com.apple.product-type.application";
		};
		464989B32C99FFD500549982 /* HelloDevOpsTests */ = {
			isa = PBXNativeTarget;
			buildConfigurationList = 464989CB2C99FFD500549982 /* Build configuration list for PBXNativeTarget "HelloDevOpsTests" */;
			buildPhases = (
				464989B02C99FFD500549982 /* Sources */,
				464989B12C99FFD500549982 /* Frameworks */,
				464989B22C99FFD500549982 /* Resources */,
			);
			buildRules = (
			);
			dependencies = (
				464989B62C99FFD500549982 /* PBXTargetDependency */,
			);
			name = HelloDevOpsTests;
			productName = HelloDevOpsTests;
			productReference = 464989B42C99FFD500549982 /* HelloDevOpsTests.xctest */;
			productType = "com.apple.product-type.bundle.unit-test";
		};
		464989BD2C99FFD500549982 /* HelloDevOpsUITests */ = {
			isa = PBXNativeTarget;
			buildConfigurationList = 464989CE2C99FFD500549982 /* Build configuration list for PBXNativeTarget "HelloDevOpsUITests" */;
			buildPhases = (
				464989BA2C99FFD500549982 /* Sources */,
				464989BB2C99FFD500549982 /* Frameworks */,
				464989BC2C99FFD500549982 /* Resources */,
			);
			buildRules = (
			);
			dependencies = (
				464989C02C99FFD500549982 /* PBXTargetDependency */,
			);
			name = HelloDevOpsUITests;
			productName = HelloDevOpsUITests;
			productReference = 464989BE2C99FFD500549982 /* HelloDevOpsUITests.xctest */;
			productType = "com.apple.product-type.bundle.ui-testing";
		};
/* End PBXNativeTarget section */

/* Begin PBXProject section */
		4649899B2C99FFD200549982 /* Project object */ = {
			isa = PBXProject;
			attributes = {
				BuildIndependentTargetsInParallel = 1;
				LastSwiftUpdateCheck = 1540;
				LastUpgradeCheck = 1540;
				TargetAttributes = {
					464989A22C99FFD200549982 = {
						CreatedOnToolsVersion = 15.4;
					};
					464989B32C99FFD500549982 = {
						CreatedOnToolsVersion = 15.4;
						TestTargetID = 464989A22C99FFD200549982;
					};
					464989BD2C99FFD500549982 = {
						CreatedOnToolsVersion = 15.4;
						TestTargetID = 464989A22C99FFD200549982;
					};
				};
			};
			buildConfigurationList = 4649899E2C99FFD200549982 /* Build configuration list for PBXProject "HelloDevOps" */;
			compatibilityVersion = "Xcode 14.0";
			developmentRegion = en;
			hasScannedForEncodings = 0;
			knownRegions = (
				en,
				Base,
			);
			mainGroup = 4649899A2C99FFD200549982;
			productRefGroup = 464989A42C99FFD200549982 /* Products */;
			projectDirPath = "";
			projectRoot = "";
			targets = (
				464989A22C99FFD200549982 /* HelloDevOps */,
				464989B32C99FFD500549982 /* HelloDevOpsTests */,
				464989BD2C99FFD500549982 /* HelloDevOpsUITests */,
			);
		};
/* End PBXProject section */

/* Begin PBXResourcesBuildPhase section */
		464989A12C99FFD200549982 /* Resources */ = {
			isa = PBXResourcesBuildPhase;
			buildActionMask = 2147483647;
			files = (
				464989AF2C99FFD500549982 /* Preview Assets.xcassets in Resources */,
				464989AB2C99FFD500549982 /* Assets.xcassets in Resources */,
			);
			runOnlyForDeploymentPostprocessing = 0;
		};
		464989B22C99FFD500549982 /* Resources */ = {
			isa = PBXResourcesBuildPhase;
			buildActionMask = 2147483647;
			files = (
			);
			runOnlyForDeploymentPostprocessing = 0;
		};
		464989BC2C99FFD500549982 /* Resources */ = {
			isa = PBXResourcesBuildPhase;
			buildActionMask = 2147483647;
			files = (
			);
			runOnlyForDeploymentPostprocessing = 0;
		};
/* End PBXResourcesBuildPhase section */

/* Begin PBXSourcesBuildPhase section */
		4649899F2C99FFD200549982 /* Sources */ = {
			isa = PBXSourcesBuildPhase;
			buildActionMask = 2147483647;
			files = (
				464989A92C99FFD200549982 /* ContentView.swift in Sources */,
				464989A72C99FFD200549982 /* HelloDevOpsApp.swift in Sources */,
			);
			runOnlyForDeploymentPostprocessing = 0;
		};
		464989B02C99FFD500549982 /* Sources */ = {
			isa = PBXSourcesBuildPhase;
			buildActionMask = 2147483647;
			files = (
				464989B92C99FFD500549982 /* HelloDevOpsTests.swift in Sources */,
			);
			runOnlyForDeploymentPostprocessing = 0;
		};
		464989BA2C99FFD500549982 /* Sources */ = {
			isa = PBXSourcesBuildPhase;
			buildActionMask = 2147483647;
			files = (
				464989C52C99FFD500549982 /* HelloDevOpsUITestsLaunchTests.swift in Sources */,
				464989C32C99FFD500549982 /* HelloDevOpsUITests.swift in Sources */,
			);
			runOnlyForDeploymentPostprocessing = 0;
		};
/* End PBXSourcesBuildPhase section */

/* Begin PBXTargetDependency section */
		464989B62C99FFD500549982 /* PBXTargetDependency */ = {
			isa = PBXTargetDependency;
			target = 464989A22C99FFD200549982 /* HelloDevOps */;
			targetProxy = 464989B52C99FFD500549982 /* PBXContainerItemProxy */;
		};
		464989C02C99FFD500549982 /* PBXTargetDependency */ = {
			isa = PBXTargetDependency;
			target = 464989A22C99FFD200549982 /* HelloDevOps */;
			targetProxy = 464989BF2C99FFD500549982 /* PBXContainerItemProxy */;
		};
/* End PBXTargetDependency section */

/* Begin XCBuildConfiguration section */
		464989C62C99FFD500549982 /* Debug */ = {
			isa = XCBuildConfiguration;
			buildSettings = {
				ALWAYS_SEARCH_USER_PATHS = NO;
				ASSETCATALOG_COMPILER_GENERATE_SWIFT_ASSET_SYMBOL_EXTENSIONS = YES;
				CLANG_ANALYZER_NONNULL = YES;
				CLANG_ANALYZER_NUMBER_OBJECT_CONVERSION = YES_AGGRESSIVE;
				CLANG_CXX_LANGUAGE_STANDARD = "gnu++20";
				CLANG_ENABLE_MODULES = YES;
				CLANG_ENABLE_OBJC_ARC = YES;
				CLANG_ENABLE_OBJC_WEAK = YES;
				CLANG_WARN_BLOCK_CAPTURE_AUTORELEASING = YES;
				CLANG_WARN_BOOL_CONVERSION = YES;
				CLANG_WARN_COMMA = YES;
				CLANG_WARN_CONSTANT_CONVERSION = YES;
				CLANG_WARN_DEPRECATED_OBJC_IMPLEMENTATIONS = YES;
				CLANG_WARN_DIRECT_OBJC_ISA_USAGE = YES_ERROR;
				CLANG_WARN_DOCUMENTATION_COMMENTS = YES;
				CLANG_WARN_EMPTY_BODY = YES;
				CLANG_WARN_ENUM_CONVERSION = YES;
				CLANG_WARN_INFINITE_RECURSION = YES;
				CLANG_WARN_INT_CONVERSION = YES;
				CLANG_WARN_NON_LITERAL_NULL_CONVERSION = YES;
				CLANG_WARN_OBJC_IMPLICIT_RETAIN_SELF = YES;
				CLANG_WARN_OBJC_LITERAL_CONVERSION = YES;
				CLANG_WARN_OBJC_ROOT_CLASS = YES_ERROR;
				CLANG_WARN_QUOTED_INCLUDE_IN_FRAMEWORK_HEADER = YES;
				CLANG_WARN_RANGE_LOOP_ANALYSIS = YES;
				CLANG_WARN_STRICT_PROTOTYPES = YES;
				CLANG_WARN_SUSPICIOUS_MOVE = YES;
				CLANG_WARN_UNGUARDED_AVAILABILITY = YES_AGGRESSIVE;
				CLANG_WARN_UNREACHABLE_CODE = YES;
				CLANG_WARN__DUPLICATE_METHOD_MATCH = YES;
				COPY_PHASE_STRIP = NO;
				DEBUG_INFORMATION_FORMAT = dwarf;
				ENABLE_STRICT_OBJC_MSGSEND = YES;
				ENABLE_TESTABILITY = YES;
				ENABLE_USER_SCRIPT_SANDBOXING = YES;
				GCC_C_LANGUAGE_STANDARD = gnu17;
				GCC_DYNAMIC_NO_PIC = NO;
				GCC_NO_COMMON_BLOCKS = YES;
				GCC_OPTIMIZATION_LEVEL = 0;
				GCC_PREPROCESSOR_DEFINITIONS = (
					"DEBUG=1",
					"$(inherited)",
				);
				GCC_WARN_64_TO_32_BIT_CONVERSION = YES;
				GCC_WARN_ABOUT_RETURN_TYPE = YES_ERROR;
				GCC_WARN_UNDECLARED_SELECTOR = YES;
				GCC_WARN_UNINITIALIZED_AUTOS = YES_AGGRESSIVE;
				GCC_WARN_UNUSED_FUNCTION = YES;
				GCC_WARN_UNUSED_VARIABLE = YES;
				LOCALIZATION_PREFERS_STRING_CATALOGS = YES;
				MTL_ENABLE_DEBUG_INFO = INCLUDE_SOURCE;
				MTL_FAST_MATH = YES;
				ONLY_ACTIVE_ARCH = YES;
				SWIFT_ACTIVE_COMPILATION_CONDITIONS = "DEBUG $(inherited)";
				SWIFT_OPTIMIZATION_LEVEL = "-Onone";
			};
			name = Debug;
		};
		464989C72C99FFD500549982 /* Release */ = {
			isa = XCBuildConfiguration;
			buildSettings = {
				ALWAYS_SEARCH_USER_PATHS = NO;
				ASSETCATALOG_COMPILER_GENERATE_SWIFT_ASSET_SYMBOL_EXTENSIONS = YES;
				CLANG_ANALYZER_NONNULL = YES;
				CLANG_ANALYZER_NUMBER_OBJECT_CONVERSION = YES_AGGRESSIVE;
				CLANG_CXX_LANGUAGE_STANDARD = "gnu++20";
				CLANG_ENABLE_MODULES = YES;
				CLANG_ENABLE_OBJC_ARC = YES;
				CLANG_ENABLE_OBJC_WEAK = YES;
				CLANG_WARN_BLOCK_CAPTURE_AUTORELEASING = YES;
				CLANG_WARN_BOOL_CONVERSION = YES;
				CLANG_WARN_COMMA = YES;
				CLANG_WARN_CONSTANT_CONVERSION = YES;
				CLANG_WARN_DEPRECATED_OBJC_IMPLEMENTATIONS = YES;
				CLANG_WARN_DIRECT_OBJC_ISA_USAGE = YES_ERROR;
				CLANG_WARN_DOCUMENTATION_COMMENTS = YES;
				CLANG_WARN_EMPTY_BODY = YES;
				CLANG_WARN_ENUM_CONVERSION = YES;
				CLANG_WARN_INFINITE_RECURSION = YES;
				CLANG_WARN_INT_CONVERSION = YES;
				CLANG_WARN_NON_LITERAL_NULL_CONVERSION = YES;
				CLANG_WARN_OBJC_IMPLICIT_RETAIN_SELF = YES;
				CLANG_WARN_OBJC_LITERAL_CONVERSION = YES;
				CLANG_WARN_OBJC_ROOT_CLASS = YES_ERROR;
				CLANG_WARN_QUOTED_INCLUDE_IN_FRAMEWORK_HEADER = YES;
				CLANG_WARN_RANGE_LOOP_ANALYSIS = YES;
				CLANG_WARN_STRICT_PROTOTYPES = YES;
				CLANG_WARN_SUSPICIOUS_MOVE = YES;
				CLANG_WARN_UNGUARDED_AVAILABILITY = YES_AGGRESSIVE;
				CLANG_WARN_UNREACHABLE_CODE = YES;
				CLANG_WARN__DUPLICATE_METHOD_MATCH = YES;
				COPY_PHASE_STRIP = NO;
				DEBUG_INFORMATION_FORMAT = "dwarf-with-dsym";
				ENABLE_NS_ASSERTIONS = NO;
				ENABLE_STRICT_OBJC_MSGSEND = YES;
				ENABLE_USER_SCRIPT_SANDBOXING = YES;
				GCC_C_LANGUAGE_STANDARD = gnu17;
				GCC_NO_COMMON_BLOCKS = YES;
				GCC_WARN_64_TO_32_BIT_CONVERSION = YES;
				GCC_WARN_ABOUT_RETURN_TYPE = YES_ERROR;
				GCC_WARN_UNDECLARED_SELECTOR = YES;
				GCC_WARN_UNINITIALIZED_AUTOS = YES_AGGRESSIVE;
				GCC_WARN_UNUSED_FUNCTION = YES;
				GCC_WARN_UNUSED_VARIABLE = YES;
				LOCALIZATION_PREFERS_STRING_CATALOGS = YES;
				MTL_ENABLE_DEBUG_INFO = NO;
				MTL_FAST_MATH = YES;
				SWIFT_COMPILATION_MODE = wholemodule;
			};
			name = Release;
		};
		464989C92C99FFD500549982 /* Debug */ = {
			isa = XCBuildConfiguration;
			buildSettings = {
				ASSETCATALOG_COMPILER_APPICON_NAME = AppIcon;
				ASSETCATALOG_COMPILER_GLOBAL_ACCENT_COLOR_NAME = AccentColor;
				CODE_SIGN_ENTITLEMENTS = HelloDevOps/HelloDevOps.entitlements;
				CODE_SIGN_STYLE = Automatic;
				CURRENT_PROJECT_VERSION = 1;
				DEVELOPMENT_ASSET_PATHS = "\"HelloDevOps/Preview Content\"";
				DEVELOPMENT_TEAM = 5YA4F6ZP59;
				ENABLE_HARDENED_RUNTIME = YES;
				ENABLE_PREVIEWS = YES;
				GENERATE_INFOPLIST_FILE = YES;
				"INFOPLIST_KEY_UIApplicationSceneManifest_Generation[sdk=iphoneos*]" = YES;
				"INFOPLIST_KEY_UIApplicationSceneManifest_Generation[sdk=iphonesimulator*]" = YES;
				"INFOPLIST_KEY_UIApplicationSupportsIndirectInputEvents[sdk=iphoneos*]" = YES;
				"INFOPLIST_KEY_UIApplicationSupportsIndirectInputEvents[sdk=iphonesimulator*]" = YES;
				"INFOPLIST_KEY_UILaunchScreen_Generation[sdk=iphoneos*]" = YES;
				"INFOPLIST_KEY_UILaunchScreen_Generation[sdk=iphonesimulator*]" = YES;
				"INFOPLIST_KEY_UIStatusBarStyle[sdk=iphoneos*]" = UIStatusBarStyleDefault;
				"INFOPLIST_KEY_UIStatusBarStyle[sdk=iphonesimulator*]" = UIStatusBarStyleDefault;
				INFOPLIST_KEY_UISupportedInterfaceOrientations_iPad = "UIInterfaceOrientationPortrait UIInterfaceOrientationPortraitUpsideDown UIInterfaceOrientationLandscapeLeft UIInterfaceOrientationLandscapeRight";
				INFOPLIST_KEY_UISupportedInterfaceOrientations_iPhone = "UIInterfaceOrientationPortrait UIInterfaceOrientationLandscapeLeft UIInterfaceOrientationLandscapeRight";
				IPHONEOS_DEPLOYMENT_TARGET = 17.5;
				LD_RUNPATH_SEARCH_PATHS = "@executable_path/Frameworks";
				"LD_RUNPATH_SEARCH_PATHS[sdk=macosx*]" = "@executable_path/../Frameworks";
				MACOSX_DEPLOYMENT_TARGET = 14.5;
				MARKETING_VERSION = 1.0;
				PRODUCT_BUNDLE_IDENTIFIER = com.kelany.HelloDevOps;
				PRODUCT_NAME = "$(TARGET_NAME)";
				SDKROOT = auto;
				SUPPORTED_PLATFORMS = "iphoneos iphonesimulator macosx";
				SWIFT_EMIT_LOC_STRINGS = YES;
				SWIFT_VERSION = 5.0;
				TARGETED_DEVICE_FAMILY = "1,2";
			};
			name = Debug;
		};
		464989CA2C99FFD500549982 /* Release */ = {
			isa = XCBuildConfiguration;
			buildSettings = {
				ASSETCATALOG_COMPILER_APPICON_NAME = AppIcon;
				ASSETCATALOG_COMPILER_GLOBAL_ACCENT_COLOR_NAME = AccentColor;
				CODE_SIGN_ENTITLEMENTS = HelloDevOps/HelloDevOps.entitlements;
				CODE_SIGN_STYLE = Automatic;
				CURRENT_PROJECT_VERSION = 1;
				DEVELOPMENT_ASSET_PATHS = "\"HelloDevOps/Preview Content\"";
				DEVELOPMENT_TEAM = 5YA4F6ZP59;
				ENABLE_HARDENED_RUNTIME = YES;
				ENABLE_PREVIEWS = YES;
				GENERATE_INFOPLIST_FILE = YES;
				"INFOPLIST_KEY_UIApplicationSceneManifest_Generation[sdk=iphoneos*]" = YES;
				"INFOPLIST_KEY_UIApplicationSceneManifest_Generation[sdk=iphonesimulator*]" = YES;
				"INFOPLIST_KEY_UIApplicationSupportsIndirectInputEvents[sdk=iphoneos*]" = YES;
				"INFOPLIST_KEY_UIApplicationSupportsIndirectInputEvents[sdk=iphonesimulator*]" = YES;
				"INFOPLIST_KEY_UILaunchScreen_Generation[sdk=iphoneos*]" = YES;
				"INFOPLIST_KEY_UILaunchScreen_Generation[sdk=iphonesimulator*]" = YES;
				"INFOPLIST_KEY_UIStatusBarStyle[sdk=iphoneos*]" = UIStatusBarStyleDefault;
				"INFOPLIST_KEY_UIStatusBarStyle[sdk=iphonesimulator*]" = UIStatusBarStyleDefault;
				INFOPLIST_KEY_UISupportedInterfaceOrientations_iPad = "UIInterfaceOrientationPortrait UIInterfaceOrientationPortraitUpsideDown UIInterfaceOrientationLandscapeLeft UIInterfaceOrientationLandscapeRight";
				INFOPLIST_KEY_UISupportedInterfaceOrientations_iPhone = "UIInterfaceOrientationPortrait UIInterfaceOrientationLandscapeLeft UIInterfaceOrientationLandscapeRight";
				IPHONEOS_DEPLOYMENT_TARGET = 17.5;
				LD_RUNPATH_SEARCH_PATHS = "@executable_path/Frameworks";
				"LD_RUNPATH_SEARCH_PATHS[sdk=macosx*]" = "@executable_path/../Frameworks";
				MACOSX_DEPLOYMENT_TARGET = 14.5;
				MARKETING_VERSION = 1.0;
				PRODUCT_BUNDLE_IDENTIFIER = com.kelany.HelloDevOps;
				PRODUCT_NAME = "$(TARGET_NAME)";
				SDKROOT = auto;
				SUPPORTED_PLATFORMS = "iphoneos iphonesimulator macosx";
				SWIFT_EMIT_LOC_STRINGS = YES;
				SWIFT_VERSION = 5.0;
				TARGETED_DEVICE_FAMILY = "1,2";
			};
			name = Release;
		};
		464989CC2C99FFD500549982 /* Debug */ = {
			isa = XCBuildConfiguration;
			buildSettings = {
				ALWAYS_EMBED_SWIFT_STANDARD_LIBRARIES = YES;
				BUNDLE_LOADER = "$(TEST_HOST)";
				CODE_SIGN_STYLE = Automatic;
				CURRENT_PROJECT_VERSION = 1;
				DEVELOPMENT_TEAM = 5YA4F6ZP59;
				GENERATE_INFOPLIST_FILE = YES;
				IPHONEOS_DEPLOYMENT_TARGET = 17.5;
				MACOSX_DEPLOYMENT_TARGET = 14.5;
				MARKETING_VERSION = 1.0;
				PRODUCT_BUNDLE_IDENTIFIER = com.kelany.HelloDevOpsTests;
				PRODUCT_NAME = "$(TARGET_NAME)";
				SDKROOT = auto;
				SUPPORTED_PLATFORMS = "iphoneos iphonesimulator macosx";
				SWIFT_EMIT_LOC_STRINGS = NO;
				SWIFT_VERSION = 5.0;
				TARGETED_DEVICE_FAMILY = "1,2";
				TEST_HOST = "$(BUILT_PRODUCTS_DIR)/HelloDevOps.app/$(BUNDLE_EXECUTABLE_FOLDER_PATH)/HelloDevOps";
			};
			name = Debug;
		};
		464989CD2C99FFD500549982 /* Release */ = {
			isa = XCBuildConfiguration;
			buildSettings = {
				ALWAYS_EMBED_SWIFT_STANDARD_LIBRARIES = YES;
				BUNDLE_LOADER = "$(TEST_HOST)";
				CODE_SIGN_STYLE = Automatic;
				CURRENT_PROJECT_VERSION = 1;
				DEVELOPMENT_TEAM = 5YA4F6ZP59;
				GENERATE_INFOPLIST_FILE = YES;
				IPHONEOS_DEPLOYMENT_TARGET = 17.5;
				MACOSX_DEPLOYMENT_TARGET = 14.5;
				MARKETING_VERSION = 1.0;
				PRODUCT_BUNDLE_IDENTIFIER = com.kelany.HelloDevOpsTests;
				PRODUCT_NAME = "$(TARGET_NAME)";
				SDKROOT = auto;
				SUPPORTED_PLATFORMS = "iphoneos iphonesimulator macosx";
				SWIFT_EMIT_LOC_STRINGS = NO;
				SWIFT_VERSION = 5.0;
				TARGETED_DEVICE_FAMILY = "1,2";
				TEST_HOST = "$(BUILT_PRODUCTS_DIR)/HelloDevOps.app/$(BUNDLE_EXECUTABLE_FOLDER_PATH)/HelloDevOps";
			};
			name = Release;
		};
		464989CF2C99FFD500549982 /* Debug */ = {
			isa = XCBuildConfiguration;
			buildSettings = {
				ALWAYS_EMBED_SWIFT_STANDARD_LIBRARIES = YES;
				CODE_SIGN_STYLE = Automatic;
				CURRENT_PROJECT_VERSION = 1;
				DEVELOPMENT_TEAM = 5YA4F6ZP59;
				GENERATE_INFOPLIST_FILE = YES;
				IPHONEOS_DEPLOYMENT_TARGET = 17.5;
				MACOSX_DEPLOYMENT_TARGET = 14.5;
				MARKETING_VERSION = 1.0;
				PRODUCT_BUNDLE_IDENTIFIER = com.kelany.HelloDevOpsUITests;
				PRODUCT_NAME = "$(TARGET_NAME)";
				SDKROOT = auto;
				SUPPORTED_PLATFORMS = "iphoneos iphonesimulator macosx";
				SWIFT_EMIT_LOC_STRINGS = NO;
				SWIFT_VERSION = 5.0;
				TARGETED_DEVICE_FAMILY = "1,2";
				TEST_TARGET_NAME = HelloDevOps;
			};
			name = Debug;
		};
		464989D02C99FFD500549982 /* Release */ = {
			isa = XCBuildConfiguration;
			buildSettings = {
				ALWAYS_EMBED_SWIFT_STANDARD_LIBRARIES = YES;
				CODE_SIGN_STYLE = Automatic;
				CURRENT_PROJECT_VERSION = 1;
				DEVELOPMENT_TEAM = 5YA4F6ZP59;
				GENERATE_INFOPLIST_FILE = YES;
				IPHONEOS_DEPLOYMENT_TARGET = 17.5;
				MACOSX_DEPLOYMENT_TARGET = 14.5;
				MARKETING_VERSION = 1.0;
				PRODUCT_BUNDLE_IDENTIFIER = com.kelany.HelloDevOpsUITests;
				PRODUCT_NAME = "$(TARGET_NAME)";
				SDKROOT = auto;
				SUPPORTED_PLATFORMS = "iphoneos iphonesimulator macosx";
				SWIFT_EMIT_LOC_STRINGS = NO;
				SWIFT_VERSION = 5.0;
				TARGETED_DEVICE_FAMILY = "1,2";
				TEST_TARGET_NAME = HelloDevOps;
			};
			name = Release;
		};
/* End XCBuildConfiguration section */

/* Begin XCConfigurationList section */
		4649899E2C99FFD200549982 /* Build configuration list for PBXProject "HelloDevOps" */ = {
			isa = XCConfigurationList;
			buildConfigurations = (
				464989C62C99FFD500549982 /* Debug */,
				464989C72C99FFD500549982 /* Release */,
			);
			defaultConfigurationIsVisible = 0;
			defaultConfigurationName = Release;
		};
		464989C82C99FFD500549982 /* Build configuration list for PBXNativeTarget "HelloDevOps" */ = {
			isa = XCConfigurationList;
			buildConfigurations = (
				464989C92C99FFD500549982 /* Debug */,
				464989CA2C99FFD500549982 /* Release */,
			);
			defaultConfigurationIsVisible = 0;
			defaultConfigurationName = Release;
		};
		464989CB2C99FFD500549982 /* Build configuration list for PBXNativeTarget "HelloDevOpsTests" */ = {
			isa = XCConfigurationList;
			buildConfigurations = (
				464989CC2C99FFD500549982 /* Debug */,
				464989CD2C99FFD500549982 /* Release */,
			);
			defaultConfigurationIsVisible = 0;
			defaultConfigurationName = Release;
		};
		464989CE2C99FFD500549982 /* Build configuration list for PBXNativeTarget "HelloDevOpsUITests" */ = {
			isa = XCConfigurationList;
			buildConfigurations = (
				464989CF2C99FFD500549982 /* Debug */,
				464989D02C99FFD500549982 /* Release */,
			);
			defaultConfigurationIsVisible = 0;
			defaultConfigurationName = Release;
		};
/* End XCConfigurationList section */
	};
	rootObject = 4649899B2C99FFD200549982 /* Project object */;
}
